
Microsoft Visual Studio Solution File, Format Version 12.00
# Visual Studio Version 16
VisualStudioVersion = 16.0.29519.181
MinimumVisualStudioVersion = 10.0.40219.1
Project("{FAE04EC0-301F-11D3-BF4B-00C04F79EFBC}") = "SeleniumKodDva", "SeleniumKodDva\SeleniumKodDva.csproj", "{C873631C-AE64-4F24-A3F7-870F72B43729}"
EndProject
Global
	GlobalSection(SolutionConfigurationPlatforms) = preSolution
		Debug|Any CPU = Debug|Any CPU
		Release|Any CPU = Release|Any CPU
	EndGlobalSection
	GlobalSection(ProjectConfigurationPlatforms) = postSolution
		{C873631C-AE64-4F24-A3F7-870F72B43729}.Debug|Any CPU.ActiveCfg = Debug|Any CPU
		{C873631C-AE64-4F24-A3F7-870F72B43729}.Debug|Any CPU.Build.0 = Debug|Any CPU
		{C873631C-AE64-4F24-A3F7-870F72B43729}.Release|Any CPU.ActiveCfg = Release|Any CPU
		{C873631C-AE64-4F24-A3F7-870F72B43729}.Release|Any CPU.Build.0 = Release|Any CPU
	EndGlobalSection
	GlobalSection(SolutionProperties) = preSolution
		HideSolutionNode = FALSE
	EndGlobalSection
	GlobalSection(ExtensibilityGlobals) = postSolution
		SolutionGuid = {04828089-75CD-46BB-B3DE-908D20FB4977}
	EndGlobalSection
EndGlobal
